
Microsoft Visual Studio Solution File, Format Version 12.00
# Visual Studio Version 17
VisualStudioVersion = 17.13.35828.75 d17.13
MinimumVisualStudioVersion = 10.0.40219.1
Project("{FAE04EC0-301F-11D3-BF4B-00C04F79EFBC}") = "HandsOnToDoList", "HandsOnToDoList.csproj", "{985E9E21-D023-460E-A0AB-C35FA7651F75}"
EndProject
Global
	GlobalSection(SolutionConfigurationPlatforms) = preSolution
		Debug|Any CPU = Debug|Any CPU
		Release|Any CPU = Release|Any CPU
	EndGlobalSection
	GlobalSection(ProjectConfigurationPlatforms) = postSolution
		{985E9E21-D023-460E-A0AB-C35FA7651F75}.Debug|Any CPU.ActiveCfg = Debug|Any CPU
		{985E9E21-D023-460E-A0AB-C35FA7651F75}.Debug|Any CPU.Build.0 = Debug|Any CPU
		{985E9E21-D023-460E-A0AB-C35FA7651F75}.Debug|Any CPU.Deploy.0 = Debug|Any CPU
		{985E9E21-D023-460E-A0AB-C35FA7651F75}.Release|Any CPU.ActiveCfg = Release|Any CPU
		{985E9E21-D023-460E-A0AB-C35FA7651F75}.Release|Any CPU.Build.0 = Release|Any CPU
		{985E9E21-D023-460E-A0AB-C35FA7651F75}.Release|Any CPU.Deploy.0 = Release|Any CPU
	EndGlobalSection
	GlobalSection(SolutionProperties) = preSolution
		HideSolutionNode = FALSE
	EndGlobalSection
	GlobalSection(ExtensibilityGlobals) = postSolution
		SolutionGuid = {9FB302B6-16D4-4DF1-B33F-F6081D235178}
	EndGlobalSection
EndGlobal
